// !$*UTF8*$!
{
	archiveVersion = 1;
	classes = {
	};
	objectVersion = 46;
	objects = {

/* Begin PBXBuildFile section */
		454CAFA11859B4E000B9450E /* Foundation.framework in Frameworks */ = {isa = PBXBuildFile; fileRef = 454CAFA01859B4E000B9450E /* Foundation.framework */; };
		454CAFA31859B4E000B9450E /* CoreGraphics.framework in Frameworks */ = {isa = PBXBuildFile; fileRef = 454CAFA21859B4E000B9450E /* CoreGraphics.framework */; };
		454CAFA51859B4E000B9450E /* UIKit.framework in Frameworks */ = {isa = PBXBuildFile; fileRef = 454CAFA41859B4E000B9450E /* UIKit.framework */; };
		454CAFAB1859B4E000B9450E /* InfoPlist.strings in Resources */ = {isa = PBXBuildFile; fileRef = 454CAFA91859B4E000B9450E /* InfoPlist.strings */; };
		454CAFAD1859B4E000B9450E /* main.m in Sources */ = {isa = PBXBuildFile; fileRef = 454CAFAC1859B4E000B9450E /* main.m */; };
		454CAFB11859B4E000B9450E /* AppDelegate.m in Sources */ = {isa = PBXBuildFile; fileRef = 454CAFB01859B4E000B9450E /* AppDelegate.m */; };
		454CAFB41859B4E000B9450E /* Main.storyboard in Resources */ = {isa = PBXBuildFile; fileRef = 454CAFB21859B4E000B9450E /* Main.storyboard */; };
		454CAFB71859B4E000B9450E /* ViewController.m in Sources */ = {isa = PBXBuildFile; fileRef = 454CAFB61859B4E000B9450E /* ViewController.m */; };
		454CAFB91859B4E000B9450E /* Images.xcassets in Resources */ = {isa = PBXBuildFile; fileRef = 454CAFB81859B4E000B9450E /* Images.xcassets */; };
		454CAFC01859B4E000B9450E /* XCTest.framework in Frameworks */ = {isa = PBXBuildFile; fileRef = 454CAFBF1859B4E000B9450E /* XCTest.framework */; };
		454CAFC11859B4E000B9450E /* Foundation.framework in Frameworks */ = {isa = PBXBuildFile; fileRef = 454CAFA01859B4E000B9450E /* Foundation.framework */; };
		454CAFC21859B4E000B9450E /* UIKit.framework in Frameworks */ = {isa = PBXBuildFile; fileRef = 454CAFA41859B4E000B9450E /* UIKit.framework */; };
		454CAFCA1859B4E000B9450E /* InfoPlist.strings in Resources */ = {isa = PBXBuildFile; fileRef = 454CAFC81859B4E000B9450E /* InfoPlist.strings */; };
		454CAFCC1859B4E000B9450E /* ObjectiveRecordSampleTests.m in Sources */ = {isa = PBXBuildFile; fileRef = 454CAFCB1859B4E000B9450E /* ObjectiveRecordSampleTests.m */; };
/* End PBXBuildFile section */

/* Begin PBXContainerItemProxy section */
		454CAFC31859B4E000B9450E /* PBXContainerItemProxy */ = {
			isa = PBXContainerItemProxy;
			containerPortal = 454CAF951859B4DF00B9450E /* Project object */;
			proxyType = 1;
			remoteGlobalIDString = 454CAF9C1859B4DF00B9450E;
			remoteInfo = ObjectiveRecordSample;
		};
/* End PBXContainerItemProxy section */

/* Begin PBXFileReference section */
		454CAF9D1859B4E000B9450E /* ObjectiveRecordSample.app */ = {isa = PBXFileReference; explicitFileType = wrapper.application; includeInIndex = 0; path = ObjectiveRecordSample.app; sourceTree = BUILT_PRODUCTS_DIR; };
		454CAFA01859B4E000B9450E /* Foundation.framework */ = {isa = PBXFileReference; lastKnownFileType = wrapper.framework; name = Foundation.framework; path = System/Library/Frameworks/Foundation.framework; sourceTree = SDKROOT; };
		454CAFA21859B4E000B9450E /* CoreGraphics.framework */ = {isa = PBXFileReference; lastKnownFileType = wrapper.framework; name = CoreGraphics.framework; path = System/Library/Frameworks/CoreGraphics.framework; sourceTree = SDKROOT; };
		454CAFA41859B4E000B9450E /* UIKit.framework */ = {isa = PBXFileReference; lastKnownFileType = wrapper.framework; name = UIKit.framework; path = System/Library/Frameworks/UIKit.framework; sourceTree = SDKROOT; };
		454CAFA81859B4E000B9450E /* ObjectiveRecordSample-Info.plist */ = {isa = PBXFileReference; lastKnownFileType = text.plist.xml; path = "ObjectiveRecordSample-Info.plist"; sourceTree = "<group>"; };
		454CAFAA1859B4E000B9450E /* en */ = {isa = PBXFileReference; lastKnownFileType = text.plist.strings; name = en; path = en.lproj/InfoPlist.strings; sourceTree = "<group>"; };
		454CAFAC1859B4E000B9450E /* main.m */ = {isa = PBXFileReference; lastKnownFileType = sourcecode.c.objc; path = main.m; sourceTree = "<group>"; };
		454CAFAE1859B4E000B9450E /* ObjectiveRecordSample-Prefix.pch */ = {isa = PBXFileReference; lastKnownFileType = sourcecode.c.h; path = "ObjectiveRecordSample-Prefix.pch"; sourceTree = "<group>"; };
		454CAFAF1859B4E000B9450E /* AppDelegate.h */ = {isa = PBXFileReference; lastKnownFileType = sourcecode.c.h; path = AppDelegate.h; sourceTree = "<group>"; };
		454CAFB01859B4E000B9450E /* AppDelegate.m */ = {isa = PBXFileReference; lastKnownFileType = sourcecode.c.objc; path = AppDelegate.m; sourceTree = "<group>"; };
		454CAFB31859B4E000B9450E /* Base */ = {isa = PBXFileReference; lastKnownFileType = file.storyboard; name = Base; path = Base.lproj/Main.storyboard; sourceTree = "<group>"; };
		454CAFB51859B4E000B9450E /* ViewController.h */ = {isa = PBXFileReference; lastKnownFileType = sourcecode.c.h; path = ViewController.h; sourceTree = "<group>"; };
		454CAFB61859B4E000B9450E /* ViewController.m */ = {isa = PBXFileReference; lastKnownFileType = sourcecode.c.objc; path = ViewController.m; sourceTree = "<group>"; };
		454CAFB81859B4E000B9450E /* Images.xcassets */ = {isa = PBXFileReference; lastKnownFileType = folder.assetcatalog; path = Images.xcassets; sourceTree = "<group>"; };
		454CAFBE1859B4E000B9450E /* ObjectiveRecordSampleTests.xctest */ = {isa = PBXFileReference; explicitFileType = wrapper.cfbundle; includeInIndex = 0; path = ObjectiveRecordSampleTests.xctest; sourceTree = BUILT_PRODUCTS_DIR; };
		454CAFBF1859B4E000B9450E /* XCTest.framework */ = {isa = PBXFileReference; lastKnownFileType = wrapper.framework; name = XCTest.framework; path = Library/Frameworks/XCTest.framework; sourceTree = DEVELOPER_DIR; };
		454CAFC71859B4E000B9450E /* ObjectiveRecordSampleTests-Info.plist */ = {isa = PBXFileReference; lastKnownFileType = text.plist.xml; path = "ObjectiveRecordSampleTests-Info.plist"; sourceTree = "<group>"; };
		454CAFC91859B4E000B9450E /* en */ = {isa = PBXFileReference; lastKnownFileType = text.plist.strings; name = en; path = en.lproj/InfoPlist.strings; sourceTree = "<group>"; };
		454CAFCB1859B4E000B9450E /* ObjectiveRecordSampleTests.m */ = {isa = PBXFileReference; lastKnownFileType = sourcecode.c.objc; path = ObjectiveRecordSampleTests.m; sourceTree = "<group>"; };
/* End PBXFileReference section */

/* Begin PBXFrameworksBuildPhase section */
		454CAF9A1859B4DF00B9450E /* Frameworks */ = {
			isa = PBXFrameworksBuildPhase;
			buildActionMask = 2147483647;
			files = (
				454CAFA31859B4E000B9450E /* CoreGraphics.framework in Frameworks */,
				454CAFA51859B4E000B9450E /* UIKit.framework in Frameworks */,
				454CAFA11859B4E000B9450E /* Foundation.framework in Frameworks */,
			);
			runOnlyForDeploymentPostprocessing = 0;
		};
		454CAFBB1859B4E000B9450E /* Frameworks */ = {
			isa = PBXFrameworksBuildPhase;
			buildActionMask = 2147483647;
			files = (
				454CAFC01859B4E000B9450E /* XCTest.framework in Frameworks */,
				454CAFC21859B4E000B9450E /* UIKit.framework in Frameworks */,
				454CAFC11859B4E000B9450E /* Foundation.framework in Frameworks */,
			);
			runOnlyForDeploymentPostprocessing = 0;
		};
/* End PBXFrameworksBuildPhase section */

/* Begin PBXGroup section */
		454CAF941859B4DF00B9450E = {
			isa = PBXGroup;
			children = (
				454CAFA61859B4E000B9450E /* ObjectiveRecordSample */,
				454CAFC51859B4E000B9450E /* ObjectiveRecordSampleTests */,
				454CAF9F1859B4E000B9450E /* Frameworks */,
				454CAF9E1859B4E000B9450E /* Products */,
			);
			sourceTree = "<group>";
		};
		454CAF9E1859B4E000B9450E /* Products */ = {
			isa = PBXGroup;
			children = (
				454CAF9D1859B4E000B9450E /* ObjectiveRecordSample.app */,
				454CAFBE1859B4E000B9450E /* ObjectiveRecordSampleTests.xctest */,
			);
			name = Products;
			sourceTree = "<group>";
		};
		454CAF9F1859B4E000B9450E /* Frameworks */ = {
			isa = PBXGroup;
			children = (
				454CAFA01859B4E000B9450E /* Foundation.framework */,
				454CAFA21859B4E000B9450E /* CoreGraphics.framework */,
				454CAFA41859B4E000B9450E /* UIKit.framework */,
				454CAFBF1859B4E000B9450E /* XCTest.framework */,
			);
			name = Frameworks;
			sourceTree = "<group>";
		};
		454CAFA61859B4E000B9450E /* ObjectiveRecordSample */ = {
			isa = PBXGroup;
			children = (
				454CAFAF1859B4E000B9450E /* AppDelegate.h */,
				454CAFB01859B4E000B9450E /* AppDelegate.m */,
				454CAFB21859B4E000B9450E /* Main.storyboard */,
				454CAFB51859B4E000B9450E /* ViewController.h */,
				454CAFB61859B4E000B9450E /* ViewController.m */,
				454CAFB81859B4E000B9450E /* Images.xcassets */,
				454CAFA71859B4E000B9450E /* Supporting Files */,
			);
			path = ObjectiveRecordSample;
			sourceTree = "<group>";
		};
		454CAFA71859B4E000B9450E /* Supporting Files */ = {
			isa = PBXGroup;
			children = (
				454CAFA81859B4E000B9450E /* ObjectiveRecordSample-Info.plist */,
				454CAFA91859B4E000B9450E /* InfoPlist.strings */,
				454CAFAC1859B4E000B9450E /* main.m */,
				454CAFAE1859B4E000B9450E /* ObjectiveRecordSample-Prefix.pch */,
			);
			name = "Supporting Files";
			sourceTree = "<group>";
		};
		454CAFC51859B4E000B9450E /* ObjectiveRecordSampleTests */ = {
			isa = PBXGroup;
			children = (
				454CAFCB1859B4E000B9450E /* ObjectiveRecordSampleTests.m */,
				454CAFC61859B4E000B9450E /* Supporting Files */,
			);
			path = ObjectiveRecordSampleTests;
			sourceTree = "<group>";
		};
		454CAFC61859B4E000B9450E /* Supporting Files */ = {
			isa = PBXGroup;
			children = (
				454CAFC71859B4E000B9450E /* ObjectiveRecordSampleTests-Info.plist */,
				454CAFC81859B4E000B9450E /* InfoPlist.strings */,
			);
			name = "Supporting Files";
			sourceTree = "<group>";
		};
/* End PBXGroup section */

/* Begin PBXNativeTarget section */
		454CAF9C1859B4DF00B9450E /* ObjectiveRecordSample */ = {
			isa = PBXNativeTarget;
			buildConfigurationList = 454CAFCF1859B4E000B9450E /* Build configuration list for PBXNativeTarget "ObjectiveRecordSample" */;
			buildPhases = (
				454CAF991859B4DF00B9450E /* Sources */,
				454CAF9A1859B4DF00B9450E /* Frameworks */,
				454CAF9B1859B4DF00B9450E /* Resources */,
			);
			buildRules = (
			);
			dependencies = (
			);
			name = ObjectiveRecordSample;
			productName = ObjectiveRecordSample;
			productReference = 454CAF9D1859B4E000B9450E /* ObjectiveRecordSample.app */;
			productType = "com.apple.product-type.application";
		};
		454CAFBD1859B4E000B9450E /* ObjectiveRecordSampleTests */ = {
			isa = PBXNativeTarget;
			buildConfigurationList = 454CAFD21859B4E000B9450E /* Build configuration list for PBXNativeTarget "ObjectiveRecordSampleTests" */;
			buildPhases = (
				454CAFBA1859B4E000B9450E /* Sources */,
				454CAFBB1859B4E000B9450E /* Frameworks */,
				454CAFBC1859B4E000B9450E /* Resources */,
			);
			buildRules = (
			);
			dependencies = (
				454CAFC41859B4E000B9450E /* PBXTargetDependency */,
			);
			name = ObjectiveRecordSampleTests;
			productName = ObjectiveRecordSampleTests;
			productReference = 454CAFBE1859B4E000B9450E /* ObjectiveRecordSampleTests.xctest */;
			productType = "com.apple.product-type.bundle.unit-test";
		};
/* End PBXNativeTarget section */

/* Begin PBXProject section */
		454CAF951859B4DF00B9450E /* Project object */ = {
			isa = PBXProject;
			attributes = {
				LastUpgradeCheck = 0500;
				ORGANIZATIONNAME = shimoju;
				TargetAttributes = {
					454CAFBD1859B4E000B9450E = {
						TestTargetID = 454CAF9C1859B4DF00B9450E;
					};
				};
			};
			buildConfigurationList = 454CAF981859B4DF00B9450E /* Build configuration list for PBXProject "ObjectiveRecordSample" */;
			compatibilityVersion = "Xcode 3.2";
			developmentRegion = English;
			hasScannedForEncodings = 0;
			knownRegions = (
				en,
				Base,
			);
			mainGroup = 454CAF941859B4DF00B9450E;
			productRefGroup = 454CAF9E1859B4E000B9450E /* Products */;
			projectDirPath = "";
			projectRoot = "";
			targets = (
				454CAF9C1859B4DF00B9450E /* ObjectiveRecordSample */,
				454CAFBD1859B4E000B9450E /* ObjectiveRecordSampleTests */,
			);
		};
/* End PBXProject section */

/* Begin PBXResourcesBuildPhase section */
		454CAF9B1859B4DF00B9450E /* Resources */ = {
			isa = PBXResourcesBuildPhase;
			buildActionMask = 2147483647;
			files = (
				454CAFB91859B4E000B9450E /* Images.xcassets in Resources */,
				454CAFAB1859B4E000B9450E /* InfoPlist.strings in Resources */,
				454CAFB41859B4E000B9450E /* Main.storyboard in Resources */,
			);
			runOnlyForDeploymentPostprocessing = 0;
		};
		454CAFBC1859B4E000B9450E /* Resources */ = {
			isa = PBXResourcesBuildPhase;
			buildActionMask = 2147483647;
			files = (
				454CAFCA1859B4E000B9450E /* InfoPlist.strings in Resources */,
			);
			runOnlyForDeploymentPostprocessing = 0;
		};
/* End PBXResourcesBuildPhase section */

/* Begin PBXSourcesBuildPhase section */
		454CAF991859B4DF00B9450E /* Sources */ = {
			isa = PBXSourcesBuildPhase;
			buildActionMask = 2147483647;
			files = (
				454CAFB71859B4E000B9450E /* ViewController.m in Sources */,
				454CAFB11859B4E000B9450E /* AppDelegate.m in Sources */,
				454CAFAD1859B4E000B9450E /* main.m in Sources */,
			);
			runOnlyForDeploymentPostprocessing = 0;
		};
		454CAFBA1859B4E000B9450E /* Sources */ = {
			isa = PBXSourcesBuildPhase;
			buildActionMask = 2147483647;
			files = (
				454CAFCC1859B4E000B9450E /* ObjectiveRecordSampleTests.m in Sources */,
			);
			runOnlyForDeploymentPostprocessing = 0;
		};
/* End PBXSourcesBuildPhase section */

/* Begin PBXTargetDependency section */
		454CAFC41859B4E000B9450E /* PBXTargetDependency */ = {
			isa = PBXTargetDependency;
			target = 454CAF9C1859B4DF00B9450E /* ObjectiveRecordSample */;
			targetProxy = 454CAFC31859B4E000B9450E /* PBXContainerItemProxy */;
		};
/* End PBXTargetDependency section */

/* Begin PBXVariantGroup section */
		454CAFA91859B4E000B9450E /* InfoPlist.strings */ = {
			isa = PBXVariantGroup;
			children = (
				454CAFAA1859B4E000B9450E /* en */,
			);
			name = InfoPlist.strings;
			sourceTree = "<group>";
		};
		454CAFB21859B4E000B9450E /* Main.storyboard */ = {
			isa = PBXVariantGroup;
			children = (
				454CAFB31859B4E000B9450E /* Base */,
			);
			name = Main.storyboard;
			sourceTree = "<group>";
		};
		454CAFC81859B4E000B9450E /* InfoPlist.strings */ = {
			isa = PBXVariantGroup;
			children = (
				454CAFC91859B4E000B9450E /* en */,
			);
			name = InfoPlist.strings;
			sourceTree = "<group>";
		};
/* End PBXVariantGroup section */

/* Begin XCBuildConfiguration section */
		454CAFCD1859B4E000B9450E /* Debug */ = {
			isa = XCBuildConfiguration;
			buildSettings = {
				ALWAYS_SEARCH_USER_PATHS = NO;
				ARCHS = "$(ARCHS_STANDARD_INCLUDING_64_BIT)";
				CLANG_CXX_LANGUAGE_STANDARD = "gnu++0x";
				CLANG_CXX_LIBRARY = "libc++";
				CLANG_ENABLE_MODULES = YES;
				CLANG_ENABLE_OBJC_ARC = YES;
				CLANG_WARN_BOOL_CONVERSION = YES;
				CLANG_WARN_CONSTANT_CONVERSION = YES;
				CLANG_WARN_DIRECT_OBJC_ISA_USAGE = YES_ERROR;
				CLANG_WARN_EMPTY_BODY = YES;
				CLANG_WARN_ENUM_CONVERSION = YES;
				CLANG_WARN_INT_CONVERSION = YES;
				CLANG_WARN_OBJC_ROOT_CLASS = YES_ERROR;
				CLANG_WARN__DUPLICATE_METHOD_MATCH = YES;
				"CODE_SIGN_IDENTITY[sdk=iphoneos*]" = "iPhone Developer";
				COPY_PHASE_STRIP = NO;
				GCC_C_LANGUAGE_STANDARD = gnu99;
				GCC_DYNAMIC_NO_PIC = NO;
				GCC_OPTIMIZATION_LEVEL = 0;
				GCC_PREPROCESSOR_DEFINITIONS = (
					"DEBUG=1",
					"$(inherited)",
				);
				GCC_SYMBOLS_PRIVATE_EXTERN = NO;
				GCC_WARN_64_TO_32_BIT_CONVERSION = YES;
				GCC_WARN_ABOUT_RETURN_TYPE = YES_ERROR;
				GCC_WARN_UNDECLARED_SELECTOR = YES;
				GCC_WARN_UNINITIALIZED_AUTOS = YES;
				GCC_WARN_UNUSED_FUNCTION = YES;
				GCC_WARN_UNUSED_VARIABLE = YES;
				IPHONEOS_DEPLOYMENT_TARGET = 7.0;
				ONLY_ACTIVE_ARCH = YES;
				SDKROOT = iphoneos;
			};
			name = Debug;
		};
		454CAFCE1859B4E000B9450E /* Release */ = {
			isa = XCBuildConfiguration;
			buildSettings = {
				ALWAYS_SEARCH_USER_PATHS = NO;
				ARCHS = "$(ARCHS_STANDARD_INCLUDING_64_BIT)";
				CLANG_CXX_LANGUAGE_STANDARD = "gnu++0x";
				CLANG_CXX_LIBRARY = "libc++";
				CLANG_ENABLE_MODULES = YES;
				CLANG_ENABLE_OBJC_ARC = YES;
				CLANG_WARN_BOOL_CONVERSION = YES;
				CLANG_WARN_CONSTANT_CONVERSION = YES;
				CLANG_WARN_DIRECT_OBJC_ISA_USAGE = YES_ERROR;
				CLANG_WARN_EMPTY_BODY = YES;
				CLANG_WARN_ENUM_CONVERSION = YES;
				CLANG_WARN_INT_CONVERSION = YES;
				CLANG_WARN_OBJC_ROOT_CLASS = YES_ERROR;
				CLANG_WARN__DUPLICATE_METHOD_MATCH = YES;
				"CODE_SIGN_IDENTITY[sdk=iphoneos*]" = "iPhone Developer";
				COPY_PHASE_STRIP = YES;
				ENABLE_NS_ASSERTIONS = NO;
				GCC_C_LANGUAGE_STANDARD = gnu99;
				GCC_WARN_64_TO_32_BIT_CONVERSION = YES;
				GCC_WARN_ABOUT_RETURN_TYPE = YES_ERROR;
				GCC_WARN_UNDECLARED_SELECTOR = YES;
				GCC_WARN_UNINITIALIZED_AUTOS = YES;
				GCC_WARN_UNUSED_FUNCTION = YES;
				GCC_WARN_UNUSED_VARIABLE = YES;
				IPHONEOS_DEPLOYMENT_TARGET = 7.0;
				SDKROOT = iphoneos;
				VALIDATE_PRODUCT = YES;
			};
			name = Release;
		};
		454CAFD01859B4E000B9450E /* Debug */ = {
			isa = XCBuildConfiguration;
			buildSettings = {
				ASSETCATALOG_COMPILER_APPICON_NAME = AppIcon;
				ASSETCATALOG_COMPILER_LAUNCHIMAGE_NAME = LaunchImage;
				GCC_PRECOMPILE_PREFIX_HEADER = YES;
				GCC_PREFIX_HEADER = "ObjectiveRecordSample/ObjectiveRecordSample-Prefix.pch";
				INFOPLIST_FILE = "ObjectiveRecordSample/ObjectiveRecordSample-Info.plist";
				PRODUCT_NAME = "$(TARGET_NAME)";
				WRAPPER_EXTENSION = app;
			};
			name = Debug;
		};
		454CAFD11859B4E000B9450E /* Release */ = {
			isa = XCBuildConfiguration;
			buildSettings = {
				ASSETCATALOG_COMPILER_APPICON_NAME = AppIcon;
				ASSETCATALOG_COMPILER_LAUNCHIMAGE_NAME = LaunchImage;
				GCC_PRECOMPILE_PREFIX_HEADER = YES;
				GCC_PREFIX_HEADER = "ObjectiveRecordSample/ObjectiveRecordSample-Prefix.pch";
				INFOPLIST_FILE = "ObjectiveRecordSample/ObjectiveRecordSample-Info.plist";
				PRODUCT_NAME = "$(TARGET_NAME)";
				WRAPPER_EXTENSION = app;
			};
			name = Release;
		};
		454CAFD31859B4E000B9450E /* Debug */ = {
			isa = XCBuildConfiguration;
			buildSettings = {
				ARCHS = "$(ARCHS_STANDARD_INCLUDING_64_BIT)";
				BUNDLE_LOADER = "$(BUILT_PRODUCTS_DIR)/ObjectiveRecordSample.app/ObjectiveRecordSample";
				FRAMEWORK_SEARCH_PATHS = (
					"$(SDKROOT)/Developer/Library/Frameworks",
					"$(inherited)",
					"$(DEVELOPER_FRAMEWORKS_DIR)",
				);
				GCC_PRECOMPILE_PREFIX_HEADER = YES;
				GCC_PREFIX_HEADER = "ObjectiveRecordSample/ObjectiveRecordSample-Prefix.pch";
				GCC_PREPROCESSOR_DEFINITIONS = (
					"DEBUG=1",
					"$(inherited)",
				);
				INFOPLIST_FILE = "ObjectiveRecordSampleTests/ObjectiveRecordSampleTests-Info.plist";
				PRODUCT_NAME = "$(TARGET_NAME)";
				TEST_HOST = "$(BUNDLE_LOADER)";
				WRAPPER_EXTENSION = xctest;
			};
			name = Debug;
		};
		454CAFD41859B4E000B9450E /* Release */ = {
			isa = XCBuildConfiguration;
			buildSettings = {
				ARCHS = "$(ARCHS_STANDARD_INCLUDING_64_BIT)";
				BUNDLE_LOADER = "$(BUILT_PRODUCTS_DIR)/ObjectiveRecordSample.app/ObjectiveRecordSample";
				FRAMEWORK_SEARCH_PATHS = (
					"$(SDKROOT)/Developer/Library/Frameworks",
					"$(inherited)",
					"$(DEVELOPER_FRAMEWORKS_DIR)",
				);
				GCC_PRECOMPILE_PREFIX_HEADER = YES;
				GCC_PREFIX_HEADER = "ObjectiveRecordSample/ObjectiveRecordSample-Prefix.pch";
				INFOPLIST_FILE = "ObjectiveRecordSampleTests/ObjectiveRecordSampleTests-Info.plist";
				PRODUCT_NAME = "$(TARGET_NAME)";
				TEST_HOST = "$(BUNDLE_LOADER)";
				WRAPPER_EXTENSION = xctest;
			};
			name = Release;
		};
/* End XCBuildConfiguration section */

/* Begin XCConfigurationList section */
		454CAF981859B4DF00B9450E /* Build configuration list for PBXProject "ObjectiveRecordSample" */ = {
			isa = XCConfigurationList;
			buildConfigurations = (
				454CAFCD1859B4E000B9450E /* Debug */,
				454CAFCE1859B4E000B9450E /* Release */,
			);
			defaultConfigurationIsVisible = 0;
			defaultConfigurationName = Release;
		};
		454CAFCF1859B4E000B9450E /* Build configuration list for PBXNativeTarget "ObjectiveRecordSample" */ = {
			isa = XCConfigurationList;
			buildConfigurations = (
				454CAFD01859B4E000B9450E /* Debug */,
				454CAFD11859B4E000B9450E /* Release */,
			);
			defaultConfigurationIsVisible = 0;
		};
		454CAFD21859B4E000B9450E /* Build configuration list for PBXNativeTarget "ObjectiveRecordSampleTests" */ = {
			isa = XCConfigurationList;
			buildConfigurations = (
				454CAFD31859B4E000B9450E /* Debug */,
				454CAFD41859B4E000B9450E /* Release */,
			);
			defaultConfigurationIsVisible = 0;
		};
/* End XCConfigurationList section */
	};
	rootObject = 454CAF951859B4DF00B9450E /* Project object */;
}
